
Microsoft Visual Studio Solution File, Format Version 12.00
# Visual Studio Version 17
VisualStudioVersion = 17.14.36414.22
MinimumVisualStudioVersion = 10.0.40219.1
Project("{2150E333-8FDC-42A3-9474-1A3956D46DE8}") = "src", "src", "{02EA681E-C7D8-13C7-8484-4AC65E1B71E8}"
EndProject
Project("{2150E333-8FDC-42A3-9474-1A3956D46DE8}") = "aspire", "aspire", "{B5710803-5C8F-4CB2-890B-3B6CC399FBF5}"
EndProject
Project("{2150E333-8FDC-42A3-9474-1A3956D46DE8}") = "tests", "tests", "{4B5A2D61-CEFF-4336-9BA5-C9E613DFA5B1}"
EndProject
Project("{2150E333-8FDC-42A3-9474-1A3956D46DE8}") = "services", "services", "{58FE7584-5E9D-4BE0-963D-165BB1DD3282}"
EndProject
Project("{2150E333-8FDC-42A3-9474-1A3956D46DE8}") = "frontend", "frontend", "{2D29D49C-7844-43F9-A6ED-0DED3FCED137}"
EndProject
Project("{2150E333-8FDC-42A3-9474-1A3956D46DE8}") = "Solution Items", "Solution Items", "{7EBA2872-35D8-4F0C-8FCF-F967FB8C6B69}"
	ProjectSection(SolutionItems) = preProject
		.editorconfig = .editorconfig
		Directory.Build.props = Directory.Build.props
		Directory.Packages.props = Directory.Packages.props
		global.json = global.json
		nuget.config = nuget.config
	EndProjectSection
EndProject
Project("{FAE04EC0-301F-11D3-BF4B-00C04F79EFBC}") = "PizzaShop.AppHost", "src\aspire\PizzaShop.AppHost\PizzaShop.AppHost.csproj", "{FCCEB8A0-58B4-49B4-8B77-36BDDB76C7F8}"
EndProject
Project("{FAE04EC0-301F-11D3-BF4B-00C04F79EFBC}") = "PizzaShop.ServiceDefaults", "src\aspire\PizzaShop.ServiceDefaults\PizzaShop.ServiceDefaults.csproj", "{2C1888DA-E613-448A-857B-97339A608C2E}"
EndProject
Project("{2150E333-8FDC-42A3-9474-1A3956D46DE8}") = "shared", "shared", "{6A4E302B-F91C-4227-B202-3C4FB23884F6}"
EndProject
Project("{FAE04EC0-301F-11D3-BF4B-00C04F79EFBC}") = "PizzaShop.Shared", "src\shared\PizzaShop.Shared\PizzaShop.Shared.csproj", "{786A4094-FECD-4009-8303-985D96E84C14}"
EndProject
Project("{54A90642-561A-4BB1-A94E-469ADEE60C69}") = "pizzashop.client", "src\frontend\pizzashop.client\pizzashop.client.esproj", "{1427BE08-5BB8-1870-0560-7B62B2512CBF}"
EndProject
Project("{FAE04EC0-301F-11D3-BF4B-00C04F79EFBC}") = "PizzaShop.EventBus", "src\shared\PizzaShop.EventBus\PizzaShop.EventBus.csproj", "{F181B32D-A999-4737-A6F2-427EE9BDF39A}"
EndProject
Project("{FAE04EC0-301F-11D3-BF4B-00C04F79EFBC}") = "PizzaShop.EventBusRabbitMQ", "src\shared\PizzaShop.EventBusRabbitMQ\PizzaShop.EventBusRabbitMQ.csproj", "{E906B20A-2466-44F4-933C-43890F4D95E6}"
EndProject
Project("{2150E333-8FDC-42A3-9474-1A3956D46DE8}") = "catalog", "catalog", "{BFDE10E6-3313-4429-AA3B-7AFB1C8B3507}"
EndProject
Project("{FAE04EC0-301F-11D3-BF4B-00C04F79EFBC}") = "PizzaShop.Catalog.Api", "src\services\catalog\PizzaShop.Catalog.Api\PizzaShop.Catalog.Api.csproj", "{C9CC4F32-5FEA-A3C3-5284-D1FA215239D8}"
EndProject
Project("{FAE04EC0-301F-11D3-BF4B-00C04F79EFBC}") = "PizzaShop.Catalog.Domain", "src\services\catalog\PizzaShop.Catalog.Domain\PizzaShop.Catalog.Domain.csproj", "{1C521C40-6958-488A-B36B-44ED16E8931B}"
EndProject
Project("{FAE04EC0-301F-11D3-BF4B-00C04F79EFBC}") = "PizzaShop.Catalog.Application", "src\services\catalog\PizzaShop.Catalog.Application\PizzaShop.Catalog.Application.csproj", "{8188C50E-2BB5-46D0-A553-A714F8AB4B61}"
EndProject
Project("{FAE04EC0-301F-11D3-BF4B-00C04F79EFBC}") = "PizzaShop.Catalog.Infrastructure", "src\services\catalog\PizzaShop.Catalog.Infrastructure\PizzaShop.Catalog.Infrastructure.csproj", "{3C0E12F8-1E77-4EBA-AF11-7FB9C1E741B7}"
EndProject
Project("{FAE04EC0-301F-11D3-BF4B-00C04F79EFBC}") = "PizzaShop.BuildingBlocks.Application", "src\shared\PizzaShop.BuildingBlocks.Application\PizzaShop.BuildingBlocks.Application.csproj", "{98A69068-BF69-4A93-A5FB-6719BE8D85B7}"
EndProject
Global
	GlobalSection(SolutionConfigurationPlatforms) = preSolution
		Debug|Any CPU = Debug|Any CPU
		Release|Any CPU = Release|Any CPU
	EndGlobalSection
	GlobalSection(ProjectConfigurationPlatforms) = postSolution
		{FCCEB8A0-58B4-49B4-8B77-36BDDB76C7F8}.Debug|Any CPU.ActiveCfg = Debug|Any CPU
		{FCCEB8A0-58B4-49B4-8B77-36BDDB76C7F8}.Debug|Any CPU.Build.0 = Debug|Any CPU
		{FCCEB8A0-58B4-49B4-8B77-36BDDB76C7F8}.Release|Any CPU.ActiveCfg = Release|Any CPU
		{FCCEB8A0-58B4-49B4-8B77-36BDDB76C7F8}.Release|Any CPU.Build.0 = Release|Any CPU
		{2C1888DA-E613-448A-857B-97339A608C2E}.Debug|Any CPU.ActiveCfg = Debug|Any CPU
		{2C1888DA-E613-448A-857B-97339A608C2E}.Debug|Any CPU.Build.0 = Debug|Any CPU
		{2C1888DA-E613-448A-857B-97339A608C2E}.Release|Any CPU.ActiveCfg = Release|Any CPU
		{2C1888DA-E613-448A-857B-97339A608C2E}.Release|Any CPU.Build.0 = Release|Any CPU
		{786A4094-FECD-4009-8303-985D96E84C14}.Debug|Any CPU.ActiveCfg = Debug|Any CPU
		{786A4094-FECD-4009-8303-985D96E84C14}.Debug|Any CPU.Build.0 = Debug|Any CPU
		{786A4094-FECD-4009-8303-985D96E84C14}.Release|Any CPU.ActiveCfg = Release|Any CPU
		{786A4094-FECD-4009-8303-985D96E84C14}.Release|Any CPU.Build.0 = Release|Any CPU
		{1427BE08-5BB8-1870-0560-7B62B2512CBF}.Debug|Any CPU.ActiveCfg = Debug|Any CPU
		{1427BE08-5BB8-1870-0560-7B62B2512CBF}.Release|Any CPU.ActiveCfg = Release|Any CPU
		{1427BE08-5BB8-1870-0560-7B62B2512CBF}.Release|Any CPU.Build.0 = Release|Any CPU
		{F181B32D-A999-4737-A6F2-427EE9BDF39A}.Debug|Any CPU.ActiveCfg = Debug|Any CPU
		{F181B32D-A999-4737-A6F2-427EE9BDF39A}.Debug|Any CPU.Build.0 = Debug|Any CPU
		{F181B32D-A999-4737-A6F2-427EE9BDF39A}.Release|Any CPU.ActiveCfg = Release|Any CPU
		{F181B32D-A999-4737-A6F2-427EE9BDF39A}.Release|Any CPU.Build.0 = Release|Any CPU
		{E906B20A-2466-44F4-933C-43890F4D95E6}.Debug|Any CPU.ActiveCfg = Debug|Any CPU
		{E906B20A-2466-44F4-933C-43890F4D95E6}.Debug|Any CPU.Build.0 = Debug|Any CPU
		{E906B20A-2466-44F4-933C-43890F4D95E6}.Release|Any CPU.ActiveCfg = Release|Any CPU
		{E906B20A-2466-44F4-933C-43890F4D95E6}.Release|Any CPU.Build.0 = Release|Any CPU
		{C9CC4F32-5FEA-A3C3-5284-D1FA215239D8}.Debug|Any CPU.ActiveCfg = Debug|Any CPU
		{C9CC4F32-5FEA-A3C3-5284-D1FA215239D8}.Debug|Any CPU.Build.0 = Debug|Any CPU
		{C9CC4F32-5FEA-A3C3-5284-D1FA215239D8}.Release|Any CPU.ActiveCfg = Release|Any CPU
		{C9CC4F32-5FEA-A3C3-5284-D1FA215239D8}.Release|Any CPU.Build.0 = Release|Any CPU
		{1C521C40-6958-488A-B36B-44ED16E8931B}.Debug|Any CPU.ActiveCfg = Debug|Any CPU
		{1C521C40-6958-488A-B36B-44ED16E8931B}.Debug|Any CPU.Build.0 = Debug|Any CPU
		{1C521C40-6958-488A-B36B-44ED16E8931B}.Release|Any CPU.ActiveCfg = Release|Any CPU
		{1C521C40-6958-488A-B36B-44ED16E8931B}.Release|Any CPU.Build.0 = Release|Any CPU
		{8188C50E-2BB5-46D0-A553-A714F8AB4B61}.Debug|Any CPU.ActiveCfg = Debug|Any CPU
		{8188C50E-2BB5-46D0-A553-A714F8AB4B61}.Debug|Any CPU.Build.0 = Debug|Any CPU
		{8188C50E-2BB5-46D0-A553-A714F8AB4B61}.Release|Any CPU.ActiveCfg = Release|Any CPU
		{8188C50E-2BB5-46D0-A553-A714F8AB4B61}.Release|Any CPU.Build.0 = Release|Any CPU
		{3C0E12F8-1E77-4EBA-AF11-7FB9C1E741B7}.Debug|Any CPU.ActiveCfg = Debug|Any CPU
		{3C0E12F8-1E77-4EBA-AF11-7FB9C1E741B7}.Debug|Any CPU.Build.0 = Debug|Any CPU
		{3C0E12F8-1E77-4EBA-AF11-7FB9C1E741B7}.Release|Any CPU.ActiveCfg = Release|Any CPU
		{3C0E12F8-1E77-4EBA-AF11-7FB9C1E741B7}.Release|Any CPU.Build.0 = Release|Any CPU
		{98A69068-BF69-4A93-A5FB-6719BE8D85B7}.Debug|Any CPU.ActiveCfg = Debug|Any CPU
		{98A69068-BF69-4A93-A5FB-6719BE8D85B7}.Debug|Any CPU.Build.0 = Debug|Any CPU
		{98A69068-BF69-4A93-A5FB-6719BE8D85B7}.Release|Any CPU.ActiveCfg = Release|Any CPU
		{98A69068-BF69-4A93-A5FB-6719BE8D85B7}.Release|Any CPU.Build.0 = Release|Any CPU
	EndGlobalSection
	GlobalSection(SolutionProperties) = preSolution
		HideSolutionNode = FALSE
	EndGlobalSection
	GlobalSection(NestedProjects) = preSolution
		{B5710803-5C8F-4CB2-890B-3B6CC399FBF5} = {02EA681E-C7D8-13C7-8484-4AC65E1B71E8}
		{58FE7584-5E9D-4BE0-963D-165BB1DD3282} = {02EA681E-C7D8-13C7-8484-4AC65E1B71E8}
		{2D29D49C-7844-43F9-A6ED-0DED3FCED137} = {02EA681E-C7D8-13C7-8484-4AC65E1B71E8}
		{FCCEB8A0-58B4-49B4-8B77-36BDDB76C7F8} = {B5710803-5C8F-4CB2-890B-3B6CC399FBF5}
		{2C1888DA-E613-448A-857B-97339A608C2E} = {B5710803-5C8F-4CB2-890B-3B6CC399FBF5}
		{6A4E302B-F91C-4227-B202-3C4FB23884F6} = {02EA681E-C7D8-13C7-8484-4AC65E1B71E8}
		{786A4094-FECD-4009-8303-985D96E84C14} = {6A4E302B-F91C-4227-B202-3C4FB23884F6}
		{1427BE08-5BB8-1870-0560-7B62B2512CBF} = {2D29D49C-7844-43F9-A6ED-0DED3FCED137}
		{F181B32D-A999-4737-A6F2-427EE9BDF39A} = {6A4E302B-F91C-4227-B202-3C4FB23884F6}
		{E906B20A-2466-44F4-933C-43890F4D95E6} = {6A4E302B-F91C-4227-B202-3C4FB23884F6}
		{BFDE10E6-3313-4429-AA3B-7AFB1C8B3507} = {58FE7584-5E9D-4BE0-963D-165BB1DD3282}
		{C9CC4F32-5FEA-A3C3-5284-D1FA215239D8} = {BFDE10E6-3313-4429-AA3B-7AFB1C8B3507}
		{1C521C40-6958-488A-B36B-44ED16E8931B} = {BFDE10E6-3313-4429-AA3B-7AFB1C8B3507}
		{8188C50E-2BB5-46D0-A553-A714F8AB4B61} = {BFDE10E6-3313-4429-AA3B-7AFB1C8B3507}
		{3C0E12F8-1E77-4EBA-AF11-7FB9C1E741B7} = {BFDE10E6-3313-4429-AA3B-7AFB1C8B3507}
		{98A69068-BF69-4A93-A5FB-6719BE8D85B7} = {6A4E302B-F91C-4227-B202-3C4FB23884F6}
	EndGlobalSection
	GlobalSection(ExtensibilityGlobals) = postSolution
		SolutionGuid = {CB89D783-A456-4E52-86C6-F7B20A46F097}
	EndGlobalSection
EndGlobal
