
Microsoft Visual Studio Solution File, Format Version 12.00
# Visual Studio Version 17
VisualStudioVersion = 17.14.36414.22 d17.14
MinimumVisualStudioVersion = 10.0.40219.1
Project("{2150E333-8FDC-42A3-9474-1A3956D46DE8}") = "src", "src", "{02EA681E-C7D8-13C7-8484-4AC65E1B71E8}"
EndProject
Project("{2150E333-8FDC-42A3-9474-1A3956D46DE8}") = "aspire", "aspire", "{B5710803-5C8F-4CB2-890B-3B6CC399FBF5}"
EndProject
Project("{2150E333-8FDC-42A3-9474-1A3956D46DE8}") = "tests", "tests", "{4B5A2D61-CEFF-4336-9BA5-C9E613DFA5B1}"
EndProject
Project("{2150E333-8FDC-42A3-9474-1A3956D46DE8}") = "services", "services", "{58FE7584-5E9D-4BE0-963D-165BB1DD3282}"
EndProject
Project("{2150E333-8FDC-42A3-9474-1A3956D46DE8}") = "frontend", "frontend", "{2D29D49C-7844-43F9-A6ED-0DED3FCED137}"
EndProject
Project("{2150E333-8FDC-42A3-9474-1A3956D46DE8}") = "Solution Items", "Solution Items", "{7EBA2872-35D8-4F0C-8FCF-F967FB8C6B69}"
	ProjectSection(SolutionItems) = preProject
		.editorconfig = .editorconfig
		Directory.Build.props = Directory.Build.props
		Directory.Packages.props = Directory.Packages.props
		global.json = global.json
		nuget.config = nuget.config
	EndProjectSection
EndProject
Project("{FAE04EC0-301F-11D3-BF4B-00C04F79EFBC}") = "PizzaShop.AppHost", "src\aspire\PizzaShop.AppHost\PizzaShop.AppHost.csproj", "{FCCEB8A0-58B4-49B4-8B77-36BDDB76C7F8}"
EndProject
Project("{FAE04EC0-301F-11D3-BF4B-00C04F79EFBC}") = "PizzaShop.ServiceDefaults", "src\aspire\PizzaShop.ServiceDefaults\PizzaShop.ServiceDefaults.csproj", "{2C1888DA-E613-448A-857B-97339A608C2E}"
EndProject
Project("{2150E333-8FDC-42A3-9474-1A3956D46DE8}") = "shared", "shared", "{6A4E302B-F91C-4227-B202-3C4FB23884F6}"
EndProject
Project("{FAE04EC0-301F-11D3-BF4B-00C04F79EFBC}") = "PizzaShop.Shared", "src\shared\PizzaShop.Shared\PizzaShop.Shared.csproj", "{786A4094-FECD-4009-8303-985D96E84C14}"
EndProject
Global
	GlobalSection(SolutionConfigurationPlatforms) = preSolution
		Debug|Any CPU = Debug|Any CPU
		Release|Any CPU = Release|Any CPU
	EndGlobalSection
	GlobalSection(ProjectConfigurationPlatforms) = postSolution
		{FCCEB8A0-58B4-49B4-8B77-36BDDB76C7F8}.Debug|Any CPU.ActiveCfg = Debug|Any CPU
		{FCCEB8A0-58B4-49B4-8B77-36BDDB76C7F8}.Debug|Any CPU.Build.0 = Debug|Any CPU
		{FCCEB8A0-58B4-49B4-8B77-36BDDB76C7F8}.Release|Any CPU.ActiveCfg = Release|Any CPU
		{FCCEB8A0-58B4-49B4-8B77-36BDDB76C7F8}.Release|Any CPU.Build.0 = Release|Any CPU
		{2C1888DA-E613-448A-857B-97339A608C2E}.Debug|Any CPU.ActiveCfg = Debug|Any CPU
		{2C1888DA-E613-448A-857B-97339A608C2E}.Debug|Any CPU.Build.0 = Debug|Any CPU
		{2C1888DA-E613-448A-857B-97339A608C2E}.Release|Any CPU.ActiveCfg = Release|Any CPU
		{2C1888DA-E613-448A-857B-97339A608C2E}.Release|Any CPU.Build.0 = Release|Any CPU
		{786A4094-FECD-4009-8303-985D96E84C14}.Debug|Any CPU.ActiveCfg = Debug|Any CPU
		{786A4094-FECD-4009-8303-985D96E84C14}.Debug|Any CPU.Build.0 = Debug|Any CPU
		{786A4094-FECD-4009-8303-985D96E84C14}.Release|Any CPU.ActiveCfg = Release|Any CPU
		{786A4094-FECD-4009-8303-985D96E84C14}.Release|Any CPU.Build.0 = Release|Any CPU
	EndGlobalSection
	GlobalSection(SolutionProperties) = preSolution
		HideSolutionNode = FALSE
	EndGlobalSection
	GlobalSection(NestedProjects) = preSolution
		{B5710803-5C8F-4CB2-890B-3B6CC399FBF5} = {02EA681E-C7D8-13C7-8484-4AC65E1B71E8}
		{58FE7584-5E9D-4BE0-963D-165BB1DD3282} = {02EA681E-C7D8-13C7-8484-4AC65E1B71E8}
		{2D29D49C-7844-43F9-A6ED-0DED3FCED137} = {02EA681E-C7D8-13C7-8484-4AC65E1B71E8}
		{FCCEB8A0-58B4-49B4-8B77-36BDDB76C7F8} = {B5710803-5C8F-4CB2-890B-3B6CC399FBF5}
		{2C1888DA-E613-448A-857B-97339A608C2E} = {B5710803-5C8F-4CB2-890B-3B6CC399FBF5}
		{6A4E302B-F91C-4227-B202-3C4FB23884F6} = {02EA681E-C7D8-13C7-8484-4AC65E1B71E8}
		{786A4094-FECD-4009-8303-985D96E84C14} = {6A4E302B-F91C-4227-B202-3C4FB23884F6}
	EndGlobalSection
	GlobalSection(ExtensibilityGlobals) = postSolution
		SolutionGuid = {CB89D783-A456-4E52-86C6-F7B20A46F097}
	EndGlobalSection
EndGlobal
